
Microsoft Visual Studio Solution File, Format Version 12.00
# Visual Studio Version 17
VisualStudioVersion = 17.11.35303.130
MinimumVisualStudioVersion = 10.0.40219.1
Project("{8BC9CEB8-8B4A-11D0-8D11-00A0C91BC942}") = "Tests", "Tests\Tests.vcxproj", "{42CEEA31-8D97-4AFD-81B1-88055532CE15}"
EndProject
Project("{8BC9CEB8-8B4A-11D0-8D11-00A0C91BC942}") = "Library", "Library\Library.vcxproj", "{B4E9124A-DAF9-459B-BA0E-23C3AC23AA15}"
EndProject
Project("{8BC9CEB8-8B4A-11D0-8D11-00A0C91BC942}") = "ConsoleApplication1", "ConsoleApplication1\ConsoleApplication1.vcxproj", "{09E8E5C9-139A-45CA-97BD-E250E684638A}"
EndProject
Global
	GlobalSection(SolutionConfigurationPlatforms) = preSolution
		Debug|x64 = Debug|x64
		Debug|x86 = Debug|x86
		Release|x64 = Release|x64
		Release|x86 = Release|x86
	EndGlobalSection
	GlobalSection(ProjectConfigurationPlatforms) = postSolution
		{42CEEA31-8D97-4AFD-81B1-88055532CE15}.Debug|x64.ActiveCfg = Debug|x64
		{42CEEA31-8D97-4AFD-81B1-88055532CE15}.Debug|x64.Build.0 = Debug|x64
		{42CEEA31-8D97-4AFD-81B1-88055532CE15}.Debug|x86.ActiveCfg = Debug|Win32
		{42CEEA31-8D97-4AFD-81B1-88055532CE15}.Debug|x86.Build.0 = Debug|Win32
		{42CEEA31-8D97-4AFD-81B1-88055532CE15}.Release|x64.ActiveCfg = Release|x64
		{42CEEA31-8D97-4AFD-81B1-88055532CE15}.Release|x64.Build.0 = Release|x64
		{42CEEA31-8D97-4AFD-81B1-88055532CE15}.Release|x86.ActiveCfg = Release|Win32
		{42CEEA31-8D97-4AFD-81B1-88055532CE15}.Release|x86.Build.0 = Release|Win32
		{B4E9124A-DAF9-459B-BA0E-23C3AC23AA15}.Debug|x64.ActiveCfg = Debug|x64
		{B4E9124A-DAF9-459B-BA0E-23C3AC23AA15}.Debug|x64.Build.0 = Debug|x64
		{B4E9124A-DAF9-459B-BA0E-23C3AC23AA15}.Debug|x86.ActiveCfg = Debug|Win32
		{B4E9124A-DAF9-459B-BA0E-23C3AC23AA15}.Debug|x86.Build.0 = Debug|Win32
		{B4E9124A-DAF9-459B-BA0E-23C3AC23AA15}.Release|x64.ActiveCfg = Release|x64
		{B4E9124A-DAF9-459B-BA0E-23C3AC23AA15}.Release|x64.Build.0 = Release|x64
		{B4E9124A-DAF9-459B-BA0E-23C3AC23AA15}.Release|x86.ActiveCfg = Release|Win32
		{B4E9124A-DAF9-459B-BA0E-23C3AC23AA15}.Release|x86.Build.0 = Release|Win32
		{09E8E5C9-139A-45CA-97BD-E250E684638A}.Debug|x64.ActiveCfg = Debug|x64
		{09E8E5C9-139A-45CA-97BD-E250E684638A}.Debug|x64.Build.0 = Debug|x64
		{09E8E5C9-139A-45CA-97BD-E250E684638A}.Debug|x86.ActiveCfg = Debug|Win32
		{09E8E5C9-139A-45CA-97BD-E250E684638A}.Debug|x86.Build.0 = Debug|Win32
		{09E8E5C9-139A-45CA-97BD-E250E684638A}.Release|x64.ActiveCfg = Release|x64
		{09E8E5C9-139A-45CA-97BD-E250E684638A}.Release|x64.Build.0 = Release|x64
		{09E8E5C9-139A-45CA-97BD-E250E684638A}.Release|x86.ActiveCfg = Release|Win32
		{09E8E5C9-139A-45CA-97BD-E250E684638A}.Release|x86.Build.0 = Release|Win32
	EndGlobalSection
	GlobalSection(SolutionProperties) = preSolution
		HideSolutionNode = FALSE
	EndGlobalSection
	GlobalSection(ExtensibilityGlobals) = postSolution
		SolutionGuid = {10D8F6DA-D3FA-41AC-94F1-78A94CE8D289}
	EndGlobalSection
EndGlobal
